
Microsoft Visual Studio Solution File, Format Version 12.00
# Visual Studio Version 17
VisualStudioVersion = 17.14.36623.8
MinimumVisualStudioVersion = 10.0.40219.1
Project("{8BC9CEB8-8B4A-11D0-8D11-00A0C91BC942}") = "Engine", "Engine\Engine.vcxproj", "{0CEF2B2E-6058-4BCB-80F7-D1E86A02AD24}"
	ProjectSection(ProjectDependencies) = postProject
		{13FEBA6C-57DD-4982-A986-5DAC947CAD78} = {13FEBA6C-57DD-4982-A986-5DAC947CAD78}
		{3944C17B-3A2D-48E8-BC8A-3C12518ADA3D} = {3944C17B-3A2D-48E8-BC8A-3C12518ADA3D}
		{EE0A7E21-A8C8-3102-9FE2-0FF845DB79C7} = {EE0A7E21-A8C8-3102-9FE2-0FF845DB79C7}
	EndProjectSection
EndProject
Project("{8BC9CEB8-8B4A-11D0-8D11-00A0C91BC942}") = "DebugTools", "DebugTools\DebugTools.vcxproj", "{13FEBA6C-57DD-4982-A986-5DAC947CAD78}"
EndProject
Project("{8BC9CEB8-8B4A-11D0-8D11-00A0C91BC942}") = "VoxelGame", "VoxelGame\VoxelGame.vcxproj", "{6E296D80-6498-4A8B-9ABE-94827EA4967C}"
	ProjectSection(ProjectDependencies) = postProject
		{0CEF2B2E-6058-4BCB-80F7-D1E86A02AD24} = {0CEF2B2E-6058-4BCB-80F7-D1E86A02AD24}
		{13FEBA6C-57DD-4982-A986-5DAC947CAD78} = {13FEBA6C-57DD-4982-A986-5DAC947CAD78}
		{3944C17B-3A2D-48E8-BC8A-3C12518ADA3D} = {3944C17B-3A2D-48E8-BC8A-3C12518ADA3D}
		{EE0A7E21-A8C8-3102-9FE2-0FF845DB79C7} = {EE0A7E21-A8C8-3102-9FE2-0FF845DB79C7}
	EndProjectSection
EndProject
Project("{8BC9CEB8-8B4A-11D0-8D11-00A0C91BC942}") = "Backends", "Backends\Backends.vcxproj", "{3944C17B-3A2D-48E8-BC8A-3C12518ADA3D}"
EndProject
Project("{8BC9CEB8-8B4A-11D0-8D11-00A0C91BC942}") = "glfw", "thirdparty\glfw\build\src\glfw.vcxproj", "{EE0A7E21-A8C8-3102-9FE2-0FF845DB79C7}"
EndProject
Project("{8BC9CEB8-8B4A-11D0-8D11-00A0C91BC942}") = "CustomConverter,", "CustomConverter,\CustomConverter,.vcxproj", "{9C665517-F81E-48A6-A312-D9E2B73DF590}"
EndProject
Global
	GlobalSection(SolutionConfigurationPlatforms) = preSolution
		Debug|x64 = Debug|x64
		Release|x64 = Release|x64
	EndGlobalSection
	GlobalSection(ProjectConfigurationPlatforms) = postSolution
		{0CEF2B2E-6058-4BCB-80F7-D1E86A02AD24}.Debug|x64.ActiveCfg = Debug|x64
		{0CEF2B2E-6058-4BCB-80F7-D1E86A02AD24}.Debug|x64.Build.0 = Debug|x64
		{0CEF2B2E-6058-4BCB-80F7-D1E86A02AD24}.Release|x64.ActiveCfg = Release|x64
		{0CEF2B2E-6058-4BCB-80F7-D1E86A02AD24}.Release|x64.Build.0 = Release|x64
		{13FEBA6C-57DD-4982-A986-5DAC947CAD78}.Debug|x64.ActiveCfg = Debug|x64
		{13FEBA6C-57DD-4982-A986-5DAC947CAD78}.Debug|x64.Build.0 = Debug|x64
		{13FEBA6C-57DD-4982-A986-5DAC947CAD78}.Release|x64.ActiveCfg = Release|x64
		{13FEBA6C-57DD-4982-A986-5DAC947CAD78}.Release|x64.Build.0 = Release|x64
		{6E296D80-6498-4A8B-9ABE-94827EA4967C}.Debug|x64.ActiveCfg = Debug|x64
		{6E296D80-6498-4A8B-9ABE-94827EA4967C}.Debug|x64.Build.0 = Debug|x64
		{6E296D80-6498-4A8B-9ABE-94827EA4967C}.Release|x64.ActiveCfg = Release|x64
		{6E296D80-6498-4A8B-9ABE-94827EA4967C}.Release|x64.Build.0 = Release|x64
		{3944C17B-3A2D-48E8-BC8A-3C12518ADA3D}.Debug|x64.ActiveCfg = Debug|x64
		{3944C17B-3A2D-48E8-BC8A-3C12518ADA3D}.Debug|x64.Build.0 = Debug|x64
		{3944C17B-3A2D-48E8-BC8A-3C12518ADA3D}.Release|x64.ActiveCfg = Release|x64
		{3944C17B-3A2D-48E8-BC8A-3C12518ADA3D}.Release|x64.Build.0 = Release|x64
		{EE0A7E21-A8C8-3102-9FE2-0FF845DB79C7}.Debug|x64.ActiveCfg = Debug|x64
		{EE0A7E21-A8C8-3102-9FE2-0FF845DB79C7}.Debug|x64.Build.0 = Debug|x64
		{EE0A7E21-A8C8-3102-9FE2-0FF845DB79C7}.Release|x64.ActiveCfg = Release|x64
		{EE0A7E21-A8C8-3102-9FE2-0FF845DB79C7}.Release|x64.Build.0 = Release|x64
		{9C665517-F81E-48A6-A312-D9E2B73DF590}.Debug|x64.ActiveCfg = Debug|x64
		{9C665517-F81E-48A6-A312-D9E2B73DF590}.Debug|x64.Build.0 = Debug|x64
		{9C665517-F81E-48A6-A312-D9E2B73DF590}.Release|x64.ActiveCfg = Release|x64
		{9C665517-F81E-48A6-A312-D9E2B73DF590}.Release|x64.Build.0 = Release|x64
	EndGlobalSection
	GlobalSection(SolutionProperties) = preSolution
		HideSolutionNode = FALSE
	EndGlobalSection
	GlobalSection(ExtensibilityGlobals) = postSolution
		SolutionGuid = {5E9D9A93-F631-4469-AEC3-DFFC8E37C26F}
	EndGlobalSection
EndGlobal
