<?xml version="1.0" encoding="utf-8"?>
<Project ToolsVersion="4.0" xmlns="http://schemas.microsoft.com/developer/msbuild/2003">
  <ItemGroup>
    <Filter Include="Source Files">
      <UniqueIdentifier>{4FC737F1-C7A5-4376-A066-2A32D752A2FF}</UniqueIdentifier>
      <Extensions>cpp;c;cc;cxx;c++;cppm;ixx;def;odl;idl;hpj;bat;asm;asmx</Extensions>
    </Filter>
    <Filter Include="Header Files">
      <UniqueIdentifier>{93995380-89BD-4b04-88EB-625FBE52EBFB}</UniqueIdentifier>
      <Extensions>h;hh;hpp;hxx;h++;hm;inl;inc;ipp;xsd</Extensions>
    </Filter>
    <Filter Include="Resource Files">
      <UniqueIdentifier>{67DA6AB6-F800-4c08-8B7A-83BB121AAD01}</UniqueIdentifier>
      <Extensions>rc;ico;cur;bmp;dlg;rc2;rct;bin;rgs;gif;jpg;jpeg;jpe;resx;tiff;tif;png;wav;mfcribbon-ms</Extensions>
    </Filter>
  </ItemGroup>
  <ItemGroup>
    <ClCompile Include="Src\main.cpp">
      <Filter>Source Files</Filter>
    </ClCompile>
    <ClCompile Include="Core\application.cpp">
      <Filter>Source Files</Filter>
    </ClCompile>
    <ClCompile Include="Platform\GLFW\windowGLFW.cpp">
      <Filter>Source Files</Filter>
    </ClCompile>
    <ClCompile Include="Platform\WindowCreation\window.cpp">
      <Filter>Source Files</Filter>
    </ClCompile>
    <ClCompile Include="RenderingAPI\Renderer\renderer.cpp">
      <Filter>Source Files</Filter>
    </ClCompile>
    <ClCompile Include="Platform\Platform\platform.cpp">
      <Filter>Source Files</Filter>
    </ClCompile>
    <ClCompile Include="RenderingAPI\Shader\game_shader.cpp">
      <Filter>Source Files</Filter>
    </ClCompile>
    <ClCompile Include="Assets\Shader\Lib\shader_library.cpp">
      <Filter>Source Files</Filter>
    </ClCompile>
    <ClCompile Include="ZZZZZZZ_GARBAGE_TEMP_FILES\CHANGE\shader_library111.cpp">
      <Filter>Source Files</Filter>
    </ClCompile>
    <ClCompile Include="ZZZZZZZ_GARBAGE_TEMP_FILES\CHANGE\shader_type111.cpp">
      <Filter>Source Files</Filter>
    </ClCompile>
    <ClCompile Include="Assets\AssetManager\asset_manager.cpp">
      <Filter>Source Files</Filter>
    </ClCompile>
    <ClCompile Include="RenderingAPI\Texture\texture.cpp">
      <Filter>Source Files</Filter>
    </ClCompile>
    <ClCompile Include="Assets\Shader\Load\shader_loader.cpp">
      <Filter>Source Files</Filter>
    </ClCompile>
    <ClCompile Include="Assets\Shader\ShaderManager\shader_manager.cpp">
      <Filter>Source Files</Filter>
    </ClCompile>
    <ClCompile Include="RenderingAPI\Buffers\index_buffer.cpp">
      <Filter>Source Files</Filter>
    </ClCompile>
    <ClCompile Include="RenderingAPI\Buffers\vertex_array.cpp">
      <Filter>Source Files</Filter>
    </ClCompile>
    <ClCompile Include="RenderingAPI\Buffers\vertex_buffer.cpp">
      <Filter>Source Files</Filter>
    </ClCompile>
    <ClCompile Include="Tests\Objects\Triangle\triangle.cpp">
      <Filter>Source Files</Filter>
    </ClCompile>
    <ClCompile Include="Platform\Input\input.cpp">
      <Filter>Source Files</Filter>
    </ClCompile>
    <ClCompile Include="Platform\Input\TextInput\text_input.cpp">
      <Filter>Source Files</Filter>
    </ClCompile>
    <ClCompile Include="Platform\Input\Debug\debug_input.cpp">
      <Filter>Source Files</Filter>
    </ClCompile>
    <ClCompile Include="Tests\Objects\Rotating Cube\rcube.cpp">
      <Filter>Source Files</Filter>
    </ClCompile>
    <ClCompile Include="Tests\Objects\Console\console.cpp">
      <Filter>Source Files</Filter>
    </ClCompile>
  </ItemGroup>
  <ItemGroup>
    <ClInclude Include="Core\application.hpp">
      <Filter>Header Files</Filter>
    </ClInclude>
    <ClInclude Include="Platform\WindowCreation\window.hpp">
      <Filter>Header Files</Filter>
    </ClInclude>
    <ClInclude Include="RenderingAPI\Renderer\renderer.hpp">
      <Filter>Header Files</Filter>
    </ClInclude>
    <ClInclude Include="Platform\GLFW\windowGLFW.hpp">
      <Filter>Header Files</Filter>
    </ClInclude>
    <ClInclude Include="Platform\Platform\platform.hpp">
      <Filter>Header Files</Filter>
    </ClInclude>
    <ClInclude Include="RenderingAPI\Shader\game_shader.hpp">
      <Filter>Header Files</Filter>
    </ClInclude>
    <ClInclude Include="Assets\Shader\Lib\shader_library.hpp">
      <Filter>Header Files</Filter>
    </ClInclude>
    <ClInclude Include="ZZZZZZZ_GARBAGE_TEMP_FILES\CHANGE\shader_type111.hpp">
      <Filter>Header Files</Filter>
    </ClInclude>
    <ClInclude Include="ZZZZZZZ_GARBAGE_TEMP_FILES\CHANGE\shader_library111.hpp">
      <Filter>Header Files</Filter>
    </ClInclude>
    <ClInclude Include="Assets\AssetManager\asset_manager.hpp">
      <Filter>Header Files</Filter>
    </ClInclude>
    <ClInclude Include="RenderingAPI\Texture\texture.hpp">
      <Filter>Header Files</Filter>
    </ClInclude>
    <ClInclude Include="Assets\Shader\Load\shader_loader.hpp">
      <Filter>Header Files</Filter>
    </ClInclude>
    <ClInclude Include="Assets\Shader\ShaderManager\shader_manager.hpp">
      <Filter>Header Files</Filter>
    </ClInclude>
    <ClInclude Include="Assets\Shader\ShaderManager\Core\ShaderTypeID.h">
      <Filter>Header Files</Filter>
    </ClInclude>
    <ClInclude Include="Assets\AssetManager\Interfaces\IAssetProvider.h">
      <Filter>Header Files</Filter>
    </ClInclude>
    <ClInclude Include="RenderingAPI\Buffers\vertex_buffer.hpp">
      <Filter>Header Files</Filter>
    </ClInclude>
    <ClInclude Include="RenderingAPI\Buffers\index_buffer.hpp">
      <Filter>Header Files</Filter>
    </ClInclude>
    <ClInclude Include="RenderingAPI\Buffers\vertex_array.hpp">
      <Filter>Header Files</Filter>
    </ClInclude>
    <ClInclude Include="Tests\Objects\Triangle\triangle.hpp">
      <Filter>Header Files</Filter>
    </ClInclude>
    <ClInclude Include="RenderingAPI\Buffers\buffer_layout.hpp">
      <Filter>Header Files</Filter>
    </ClInclude>
    <ClInclude Include="Platform\Input\input.hpp">
      <Filter>Header Files</Filter>
    </ClInclude>
    <ClInclude Include="Platform\Input\key_code.hpp">
      <Filter>Header Files</Filter>
    </ClInclude>
    <ClInclude Include="Platform\Input\action.hpp">
      <Filter>Header Files</Filter>
    </ClInclude>
    <ClInclude Include="Platform\Input\input_mode.hpp">
      <Filter>Header Files</Filter>
    </ClInclude>
    <ClInclude Include="Platform\Input\TextInput\text_input.hpp">
      <Filter>Header Files</Filter>
    </ClInclude>
    <ClInclude Include="Platform\Input\Debug\debug_input.hpp">
      <Filter>Header Files</Filter>
    </ClInclude>
    <ClInclude Include="Tests\Objects\Rotating Cube\rcube.hpp">
      <Filter>Header Files</Filter>
    </ClInclude>
    <ClInclude Include="Tests\Objects\Console\console.hpp">
      <Filter>Header Files</Filter>
    </ClInclude>
  </ItemGroup>
  <ItemGroup>
    <None Include="Res\shaders\basic.shader" />
    <None Include="Res\Assets\Shaders\Basic\OpenGL\vert.shader" />
    <None Include="Res\Assets\Shaders\Basic\OpenGL\frag.shader" />
  </ItemGroup>
  <ItemGroup>
    <Text Include="INFO.txt" />
  </ItemGroup>
</Project>