<?xml version="1.0" encoding="utf-8"?>
<Project ToolsVersion="4.0" xmlns="http://schemas.microsoft.com/developer/msbuild/2003">
  <ItemGroup>
    <Filter Include="Source Files">
      <UniqueIdentifier>{4FC737F1-C7A5-4376-A066-2A32D752A2FF}</UniqueIdentifier>
      <Extensions>cpp;c;cc;cxx;c++;cppm;ixx;def;odl;idl;hpj;bat;asm;asmx</Extensions>
    </Filter>
    <Filter Include="Header Files">
      <UniqueIdentifier>{93995380-89BD-4b04-88EB-625FBE52EBFB}</UniqueIdentifier>
      <Extensions>h;hh;hpp;hxx;h++;hm;inl;inc;ipp;xsd</Extensions>
    </Filter>
    <Filter Include="Resource Files">
      <UniqueIdentifier>{67DA6AB6-F800-4c08-8B7A-83BB121AAD01}</UniqueIdentifier>
      <Extensions>rc;ico;cur;bmp;dlg;rc2;rct;bin;rgs;gif;jpg;jpeg;jpe;resx;tiff;tif;png;wav;mfcribbon-ms</Extensions>
    </Filter>
  </ItemGroup>
  <ItemGroup>
    <ClInclude Include="Core\Logger\logger.hpp">
      <Filter>Header Files</Filter>
    </ClInclude>
    <ClInclude Include="Core\Timer\timer.hpp">
      <Filter>Header Files</Filter>
    </ClInclude>
    <ClInclude Include="Draw\debug_draw.hpp">
      <Filter>Header Files</Filter>
    </ClInclude>
    <ClInclude Include="Export\debug_primitives.hpp">
      <Filter>Header Files</Filter>
    </ClInclude>
    <ClInclude Include="Core\debug_config.hpp">
      <Filter>Header Files</Filter>
    </ClInclude>
    <ClInclude Include="Tools\itool.hpp">
      <Filter>Header Files</Filter>
    </ClInclude>
    <ClInclude Include="Tools\tool_manager.hpp">
      <Filter>Header Files</Filter>
    </ClInclude>
    <ClInclude Include="Tools\ConsoleTool\console_tool.hpp">
      <Filter>Header Files</Filter>
    </ClInclude>
    <ClInclude Include="Tools\InputTool\input_tool.hpp">
      <Filter>Header Files</Filter>
    </ClInclude>
    <ClInclude Include="Tools\ChunkTool\chunk_tool.hpp">
      <Filter>Header Files</Filter>
    </ClInclude>
    <ClInclude Include="Data\log_message.h">
      <Filter>Header Files</Filter>
    </ClInclude>
    <ClInclude Include="Data\frame_stats.h">
      <Filter>Header Files</Filter>
    </ClInclude>
    <ClInclude Include="debug_tools.h">
      <Filter>Header Files</Filter>
    </ClInclude>
    <ClInclude Include="Core\Timer\time_manager.hpp">
      <Filter>Header Files</Filter>
    </ClInclude>
    <ClInclude Include="Core\Timer\time_utils.hpp">
      <Filter>Header Files</Filter>
    </ClInclude>
  </ItemGroup>
  <ItemGroup>
    <ClCompile Include="Core\Logger\logger.cpp">
      <Filter>Source Files</Filter>
    </ClCompile>
    <ClCompile Include="Core\Timer\timer.cpp">
      <Filter>Source Files</Filter>
    </ClCompile>
    <ClCompile Include="Draw\debug_draw.cpp">
      <Filter>Source Files</Filter>
    </ClCompile>
    <ClCompile Include="Tools\tool_manager.cpp">
      <Filter>Source Files</Filter>
    </ClCompile>
    <ClCompile Include="Tools\ConsoleTool\console_tool.cpp">
      <Filter>Source Files</Filter>
    </ClCompile>
    <ClCompile Include="Tools\InputTool\input_tool.cpp">
      <Filter>Source Files</Filter>
    </ClCompile>
    <ClCompile Include="Tools\ChunkTool\chunk_tool.cpp">
      <Filter>Source Files</Filter>
    </ClCompile>
    <ClCompile Include="Core\Timer\time_manager.cpp">
      <Filter>Source Files</Filter>
    </ClCompile>
    <ClCompile Include="Core\Timer\time_utils.cpp">
      <Filter>Source Files</Filter>
    </ClCompile>
  </ItemGroup>
</Project>